// !$*UTF8*$!
{
	archiveVersion = 1;
	classes = {
	};
	objectVersion = 55;
	objects = {

/* Begin PBXBuildFile section */
		5B8FDDA328A0310500FB72DC /* FoodDeliveryApp.swift in Sources */ = {isa = PBXBuildFile; fileRef = 5B8FDDA228A0310500FB72DC /* FoodDeliveryApp.swift */; };
		5B8FDDA528A0310500FB72DC /* AuthView.swift in Sources */ = {isa = PBXBuildFile; fileRef = 5B8FDDA428A0310500FB72DC /* AuthView.swift */; };
		5B8FDDA728A0310700FB72DC /* Assets.xcassets in Resources */ = {isa = PBXBuildFile; fileRef = 5B8FDDA628A0310700FB72DC /* Assets.xcassets */; };
		5B8FDDAA28A0310700FB72DC /* Preview Assets.xcassets in Resources */ = {isa = PBXBuildFile; fileRef = 5B8FDDA928A0310700FB72DC /* Preview Assets.xcassets */; };
		5BB1EEC128A1262800578C60 /* EmailField.swift in Sources */ = {isa = PBXBuildFile; fileRef = 5BB1EEC028A1262800578C60 /* EmailField.swift */; };
		5BB1EEC328A1265300578C60 /* PasswordField.swift in Sources */ = {isa = PBXBuildFile; fileRef = 5BB1EEC228A1265300578C60 /* PasswordField.swift */; };
		5BE1CD6F28A17DA200657CA7 /* ProductDetailViewModel.swift in Sources */ = {isa = PBXBuildFile; fileRef = 5BE1CD6E28A17DA200657CA7 /* ProductDetailViewModel.swift */; };
		5BE1CD7128A23C9900657CA7 /* CartViewModel.swift in Sources */ = {isa = PBXBuildFile; fileRef = 5BE1CD7028A23C9900657CA7 /* CartViewModel.swift */; };
		5BE1CD7328A23CB100657CA7 /* Position.swift in Sources */ = {isa = PBXBuildFile; fileRef = 5BE1CD7228A23CB100657CA7 /* Position.swift */; };
		5BEAD01128A13908004FDF4D /* MainTabBar.swift in Sources */ = {isa = PBXBuildFile; fileRef = 5BEAD01028A13908004FDF4D /* MainTabBar.swift */; };
		5BEAD01328A13B1F004FDF4D /* CatalogueView.swift in Sources */ = {isa = PBXBuildFile; fileRef = 5BEAD01228A13B1F004FDF4D /* CatalogueView.swift */; };
		5BEAD01528A13B71004FDF4D /* CartView.swift in Sources */ = {isa = PBXBuildFile; fileRef = 5BEAD01428A13B71004FDF4D /* CartView.swift */; };
		5BEAD01728A13B8A004FDF4D /* ProfileView.swift in Sources */ = {isa = PBXBuildFile; fileRef = 5BEAD01628A13B8A004FDF4D /* ProfileView.swift */; };
		5BEAD01928A13C8C004FDF4D /* Product.swift in Sources */ = {isa = PBXBuildFile; fileRef = 5BEAD01828A13C8C004FDF4D /* Product.swift */; };
		5BEAD01B28A13D46004FDF4D /* ProductCell.swift in Sources */ = {isa = PBXBuildFile; fileRef = 5BEAD01A28A13D46004FDF4D /* ProductCell.swift */; };
		5BEAD01E28A143D8004FDF4D /* CatalogueViewModel.swift in Sources */ = {isa = PBXBuildFile; fileRef = 5BEAD01D28A143D8004FDF4D /* CatalogueViewModel.swift */; };
		5BEAD02128A146C5004FDF4D /* ProductDetailView.swift in Sources */ = {isa = PBXBuildFile; fileRef = 5BEAD02028A146C5004FDF4D /* ProductDetailView.swift */; };
/* End PBXBuildFile section */

/* Begin PBXFileReference section */
		5B8FDD9F28A0310500FB72DC /* FoodDelivery.app */ = {isa = PBXFileReference; explicitFileType = wrapper.application; includeInIndex = 0; path = FoodDelivery.app; sourceTree = BUILT_PRODUCTS_DIR; };
		5B8FDDA228A0310500FB72DC /* FoodDeliveryApp.swift */ = {isa = PBXFileReference; lastKnownFileType = sourcecode.swift; path = FoodDeliveryApp.swift; sourceTree = "<group>"; };
		5B8FDDA428A0310500FB72DC /* AuthView.swift */ = {isa = PBXFileReference; lastKnownFileType = sourcecode.swift; path = AuthView.swift; sourceTree = "<group>"; };
		5B8FDDA628A0310700FB72DC /* Assets.xcassets */ = {isa = PBXFileReference; lastKnownFileType = folder.assetcatalog; path = Assets.xcassets; sourceTree = "<group>"; };
		5B8FDDA928A0310700FB72DC /* Preview Assets.xcassets */ = {isa = PBXFileReference; lastKnownFileType = folder.assetcatalog; path = "Preview Assets.xcassets"; sourceTree = "<group>"; };
		5BB1EEC028A1262800578C60 /* EmailField.swift */ = {isa = PBXFileReference; lastKnownFileType = sourcecode.swift; path = EmailField.swift; sourceTree = "<group>"; };
		5BB1EEC228A1265300578C60 /* PasswordField.swift */ = {isa = PBXFileReference; lastKnownFileType = sourcecode.swift; path = PasswordField.swift; sourceTree = "<group>"; };
		5BE1CD6E28A17DA200657CA7 /* ProductDetailViewModel.swift */ = {isa = PBXFileReference; lastKnownFileType = sourcecode.swift; path = ProductDetailViewModel.swift; sourceTree = "<group>"; };
		5BE1CD7028A23C9900657CA7 /* CartViewModel.swift */ = {isa = PBXFileReference; lastKnownFileType = sourcecode.swift; path = CartViewModel.swift; sourceTree = "<group>"; };
		5BE1CD7228A23CB100657CA7 /* Position.swift */ = {isa = PBXFileReference; lastKnownFileType = sourcecode.swift; path = Position.swift; sourceTree = "<group>"; };
		5BEAD01028A13908004FDF4D /* MainTabBar.swift */ = {isa = PBXFileReference; lastKnownFileType = sourcecode.swift; path = MainTabBar.swift; sourceTree = "<group>"; };
		5BEAD01228A13B1F004FDF4D /* CatalogueView.swift */ = {isa = PBXFileReference; lastKnownFileType = sourcecode.swift; path = CatalogueView.swift; sourceTree = "<group>"; };
		5BEAD01428A13B71004FDF4D /* CartView.swift */ = {isa = PBXFileReference; lastKnownFileType = sourcecode.swift; path = CartView.swift; sourceTree = "<group>"; };
		5BEAD01628A13B8A004FDF4D /* ProfileView.swift */ = {isa = PBXFileReference; lastKnownFileType = sourcecode.swift; path = ProfileView.swift; sourceTree = "<group>"; };
		5BEAD01828A13C8C004FDF4D /* Product.swift */ = {isa = PBXFileReference; lastKnownFileType = sourcecode.swift; path = Product.swift; sourceTree = "<group>"; };
		5BEAD01A28A13D46004FDF4D /* ProductCell.swift */ = {isa = PBXFileReference; lastKnownFileType = sourcecode.swift; path = ProductCell.swift; sourceTree = "<group>"; };
		5BEAD01D28A143D8004FDF4D /* CatalogueViewModel.swift */ = {isa = PBXFileReference; lastKnownFileType = sourcecode.swift; path = CatalogueViewModel.swift; sourceTree = "<group>"; };
		5BEAD02028A146C5004FDF4D /* ProductDetailView.swift */ = {isa = PBXFileReference; lastKnownFileType = sourcecode.swift; path = ProductDetailView.swift; sourceTree = "<group>"; };
/* End PBXFileReference section */

/* Begin PBXFrameworksBuildPhase section */
		5B8FDD9C28A0310500FB72DC /* Frameworks */ = {
			isa = PBXFrameworksBuildPhase;
			buildActionMask = 2147483647;
			files = (
			);
			runOnlyForDeploymentPostprocessing = 0;
		};
/* End PBXFrameworksBuildPhase section */

/* Begin PBXGroup section */
		5B8FDD9628A0310500FB72DC = {
			isa = PBXGroup;
			children = (
				5B8FDDA128A0310500FB72DC /* FoodDelivery */,
				5B8FDDA028A0310500FB72DC /* Products */,
			);
			sourceTree = "<group>";
		};
		5B8FDDA028A0310500FB72DC /* Products */ = {
			isa = PBXGroup;
			children = (
				5B8FDD9F28A0310500FB72DC /* FoodDelivery.app */,
			);
			name = Products;
			sourceTree = "<group>";
		};
		5B8FDDA128A0310500FB72DC /* FoodDelivery */ = {
			isa = PBXGroup;
			children = (
				5B8FDDA228A0310500FB72DC /* FoodDeliveryApp.swift */,
				5BEAD01C28A143BB004FDF4D /* Model */,
				5BB1EEBE28A1260D00578C60 /* Views */,
				5BEAD01F28A143E0004FDF4D /* ViewModel */,
				5B8FDDA628A0310700FB72DC /* Assets.xcassets */,
				5B8FDDA828A0310700FB72DC /* Preview Content */,
			);
			path = FoodDelivery;
			sourceTree = "<group>";
		};
		5B8FDDA828A0310700FB72DC /* Preview Content */ = {
			isa = PBXGroup;
			children = (
				5B8FDDA928A0310700FB72DC /* Preview Assets.xcassets */,
			);
			path = "Preview Content";
			sourceTree = "<group>";
		};
		5BB1EEBE28A1260D00578C60 /* Views */ = {
			isa = PBXGroup;
			children = (
				5B8FDDA428A0310500FB72DC /* AuthView.swift */,
				5BEAD01028A13908004FDF4D /* MainTabBar.swift */,
				5BEAD01228A13B1F004FDF4D /* CatalogueView.swift */,
				5BEAD02028A146C5004FDF4D /* ProductDetailView.swift */,
				5BEAD01428A13B71004FDF4D /* CartView.swift */,
				5BEAD01628A13B8A004FDF4D /* ProfileView.swift */,
				5BB1EEBF28A1261900578C60 /* Components */,
			);
			path = Views;
			sourceTree = "<group>";
		};
		5BB1EEBF28A1261900578C60 /* Components */ = {
			isa = PBXGroup;
			children = (
				5BB1EEC028A1262800578C60 /* EmailField.swift */,
				5BB1EEC228A1265300578C60 /* PasswordField.swift */,
				5BEAD01A28A13D46004FDF4D /* ProductCell.swift */,
			);
			path = Components;
			sourceTree = "<group>";
		};
		5BEAD01C28A143BB004FDF4D /* Model */ = {
			isa = PBXGroup;
			children = (
				5BEAD01828A13C8C004FDF4D /* Product.swift */,
				5BE1CD7228A23CB100657CA7 /* Position.swift */,
			);
			path = Model;
			sourceTree = "<group>";
		};
		5BEAD01F28A143E0004FDF4D /* ViewModel */ = {
			isa = PBXGroup;
			children = (
				5BEAD01D28A143D8004FDF4D /* CatalogueViewModel.swift */,
				5BE1CD6E28A17DA200657CA7 /* ProductDetailViewModel.swift */,
				5BE1CD7028A23C9900657CA7 /* CartViewModel.swift */,
			);
			path = ViewModel;
			sourceTree = "<group>";
		};
/* End PBXGroup section */

/* Begin PBXNativeTarget section */
		5B8FDD9E28A0310500FB72DC /* FoodDelivery */ = {
			isa = PBXNativeTarget;
			buildConfigurationList = 5B8FDDAD28A0310700FB72DC /* Build configuration list for PBXNativeTarget "FoodDelivery" */;
			buildPhases = (
				5B8FDD9B28A0310500FB72DC /* Sources */,
				5B8FDD9C28A0310500FB72DC /* Frameworks */,
				5B8FDD9D28A0310500FB72DC /* Resources */,
			);
			buildRules = (
			);
			dependencies = (
			);
			name = FoodDelivery;
			productName = FoodDelivery;
			productReference = 5B8FDD9F28A0310500FB72DC /* FoodDelivery.app */;
			productType = "com.apple.product-type.application";
		};
/* End PBXNativeTarget section */

/* Begin PBXProject section */
		5B8FDD9728A0310500FB72DC /* Project object */ = {
			isa = PBXProject;
			attributes = {
				BuildIndependentTargetsInParallel = 1;
				LastSwiftUpdateCheck = 1340;
				LastUpgradeCheck = 1340;
				TargetAttributes = {
					5B8FDD9E28A0310500FB72DC = {
						CreatedOnToolsVersion = 13.4.1;
					};
				};
			};
			buildConfigurationList = 5B8FDD9A28A0310500FB72DC /* Build configuration list for PBXProject "FoodDelivery" */;
			compatibilityVersion = "Xcode 13.0";
			developmentRegion = en;
			hasScannedForEncodings = 0;
			knownRegions = (
				en,
				Base,
			);
			mainGroup = 5B8FDD9628A0310500FB72DC;
			productRefGroup = 5B8FDDA028A0310500FB72DC /* Products */;
			projectDirPath = "";
			projectRoot = "";
			targets = (
				5B8FDD9E28A0310500FB72DC /* FoodDelivery */,
			);
		};
/* End PBXProject section */

/* Begin PBXResourcesBuildPhase section */
		5B8FDD9D28A0310500FB72DC /* Resources */ = {
			isa = PBXResourcesBuildPhase;
			buildActionMask = 2147483647;
			files = (
				5B8FDDAA28A0310700FB72DC /* Preview Assets.xcassets in Resources */,
				5B8FDDA728A0310700FB72DC /* Assets.xcassets in Resources */,
			);
			runOnlyForDeploymentPostprocessing = 0;
		};
/* End PBXResourcesBuildPhase section */

/* Begin PBXSourcesBuildPhase section */
		5B8FDD9B28A0310500FB72DC /* Sources */ = {
			isa = PBXSourcesBuildPhase;
			buildActionMask = 2147483647;
			files = (
				5BEAD01E28A143D8004FDF4D /* CatalogueViewModel.swift in Sources */,
				5BEAD01728A13B8A004FDF4D /* ProfileView.swift in Sources */,
				5BE1CD7128A23C9900657CA7 /* CartViewModel.swift in Sources */,
				5B8FDDA528A0310500FB72DC /* AuthView.swift in Sources */,
				5BEAD01928A13C8C004FDF4D /* Product.swift in Sources */,
				5BEAD01528A13B71004FDF4D /* CartView.swift in Sources */,
				5BEAD02128A146C5004FDF4D /* ProductDetailView.swift in Sources */,
				5BB1EEC328A1265300578C60 /* PasswordField.swift in Sources */,
				5BE1CD7328A23CB100657CA7 /* Position.swift in Sources */,
				5BB1EEC128A1262800578C60 /* EmailField.swift in Sources */,
				5BE1CD6F28A17DA200657CA7 /* ProductDetailViewModel.swift in Sources */,
				5BEAD01128A13908004FDF4D /* MainTabBar.swift in Sources */,
				5BEAD01B28A13D46004FDF4D /* ProductCell.swift in Sources */,
				5B8FDDA328A0310500FB72DC /* FoodDeliveryApp.swift in Sources */,
				5BEAD01328A13B1F004FDF4D /* CatalogueView.swift in Sources */,
			);
			runOnlyForDeploymentPostprocessing = 0;
		};
/* End PBXSourcesBuildPhase section */

/* Begin XCBuildConfiguration section */
		5B8FDDAB28A0310700FB72DC /* Debug */ = {
			isa = XCBuildConfiguration;
			buildSettings = {
				ALWAYS_SEARCH_USER_PATHS = NO;
				CLANG_ANALYZER_NONNULL = YES;
				CLANG_ANALYZER_NUMBER_OBJECT_CONVERSION = YES_AGGRESSIVE;
				CLANG_CXX_LANGUAGE_STANDARD = "gnu++17";
				CLANG_ENABLE_MODULES = YES;
				CLANG_ENABLE_OBJC_ARC = YES;
				CLANG_ENABLE_OBJC_WEAK = YES;
				CLANG_WARN_BLOCK_CAPTURE_AUTORELEASING = YES;
				CLANG_WARN_BOOL_CONVERSION = YES;
				CLANG_WARN_COMMA = YES;
				CLANG_WARN_CONSTANT_CONVERSION = YES;
				CLANG_WARN_DEPRECATED_OBJC_IMPLEMENTATIONS = YES;
				CLANG_WARN_DIRECT_OBJC_ISA_USAGE = YES_ERROR;
				CLANG_WARN_DOCUMENTATION_COMMENTS = YES;
				CLANG_WARN_EMPTY_BODY = YES;
				CLANG_WARN_ENUM_CONVERSION = YES;
				CLANG_WARN_INFINITE_RECURSION = YES;
				CLANG_WARN_INT_CONVERSION = YES;
				CLANG_WARN_NON_LITERAL_NULL_CONVERSION = YES;
				CLANG_WARN_OBJC_IMPLICIT_RETAIN_SELF = YES;
				CLANG_WARN_OBJC_LITERAL_CONVERSION = YES;
				CLANG_WARN_OBJC_ROOT_CLASS = YES_ERROR;
				CLANG_WARN_QUOTED_INCLUDE_IN_FRAMEWORK_HEADER = YES;
				CLANG_WARN_RANGE_LOOP_ANALYSIS = YES;
				CLANG_WARN_STRICT_PROTOTYPES = YES;
				CLANG_WARN_SUSPICIOUS_MOVE = YES;
				CLANG_WARN_UNGUARDED_AVAILABILITY = YES_AGGRESSIVE;
				CLANG_WARN_UNREACHABLE_CODE = YES;
				CLANG_WARN__DUPLICATE_METHOD_MATCH = YES;
				COPY_PHASE_STRIP = NO;
				DEBUG_INFORMATION_FORMAT = dwarf;
				ENABLE_STRICT_OBJC_MSGSEND = YES;
				ENABLE_TESTABILITY = YES;
				GCC_C_LANGUAGE_STANDARD = gnu11;
				GCC_DYNAMIC_NO_PIC = NO;
				GCC_NO_COMMON_BLOCKS = YES;
				GCC_OPTIMIZATION_LEVEL = 0;
				GCC_PREPROCESSOR_DEFINITIONS = (
					"DEBUG=1",
					"$(inherited)",
				);
				GCC_WARN_64_TO_32_BIT_CONVERSION = YES;
				GCC_WARN_ABOUT_RETURN_TYPE = YES_ERROR;
				GCC_WARN_UNDECLARED_SELECTOR = YES;
				GCC_WARN_UNINITIALIZED_AUTOS = YES_AGGRESSIVE;
				GCC_WARN_UNUSED_FUNCTION = YES;
				GCC_WARN_UNUSED_VARIABLE = YES;
				IPHONEOS_DEPLOYMENT_TARGET = 15.5;
				MTL_ENABLE_DEBUG_INFO = INCLUDE_SOURCE;
				MTL_FAST_MATH = YES;
				ONLY_ACTIVE_ARCH = YES;
				SDKROOT = iphoneos;
				SWIFT_ACTIVE_COMPILATION_CONDITIONS = DEBUG;
				SWIFT_OPTIMIZATION_LEVEL = "-Onone";
			};
			name = Debug;
		};
		5B8FDDAC28A0310700FB72DC /* Release */ = {
			isa = XCBuildConfiguration;
			buildSettings = {
				ALWAYS_SEARCH_USER_PATHS = NO;
				CLANG_ANALYZER_NONNULL = YES;
				CLANG_ANALYZER_NUMBER_OBJECT_CONVERSION = YES_AGGRESSIVE;
				CLANG_CXX_LANGUAGE_STANDARD = "gnu++17";
				CLANG_ENABLE_MODULES = YES;
				CLANG_ENABLE_OBJC_ARC = YES;
				CLANG_ENABLE_OBJC_WEAK = YES;
				CLANG_WARN_BLOCK_CAPTURE_AUTORELEASING = YES;
				CLANG_WARN_BOOL_CONVERSION = YES;
				CLANG_WARN_COMMA = YES;
				CLANG_WARN_CONSTANT_CONVERSION = YES;
				CLANG_WARN_DEPRECATED_OBJC_IMPLEMENTATIONS = YES;
				CLANG_WARN_DIRECT_OBJC_ISA_USAGE = YES_ERROR;
				CLANG_WARN_DOCUMENTATION_COMMENTS = YES;
				CLANG_WARN_EMPTY_BODY = YES;
				CLANG_WARN_ENUM_CONVERSION = YES;
				CLANG_WARN_INFINITE_RECURSION = YES;
				CLANG_WARN_INT_CONVERSION = YES;
				CLANG_WARN_NON_LITERAL_NULL_CONVERSION = YES;
				CLANG_WARN_OBJC_IMPLICIT_RETAIN_SELF = YES;
				CLANG_WARN_OBJC_LITERAL_CONVERSION = YES;
				CLANG_WARN_OBJC_ROOT_CLASS = YES_ERROR;
				CLANG_WARN_QUOTED_INCLUDE_IN_FRAMEWORK_HEADER = YES;
				CLANG_WARN_RANGE_LOOP_ANALYSIS = YES;
				CLANG_WARN_STRICT_PROTOTYPES = YES;
				CLANG_WARN_SUSPICIOUS_MOVE = YES;
				CLANG_WARN_UNGUARDED_AVAILABILITY = YES_AGGRESSIVE;
				CLANG_WARN_UNREACHABLE_CODE = YES;
				CLANG_WARN__DUPLICATE_METHOD_MATCH = YES;
				COPY_PHASE_STRIP = NO;
				DEBUG_INFORMATION_FORMAT = "dwarf-with-dsym";
				ENABLE_NS_ASSERTIONS = NO;
				ENABLE_STRICT_OBJC_MSGSEND = YES;
				GCC_C_LANGUAGE_STANDARD = gnu11;
				GCC_NO_COMMON_BLOCKS = YES;
				GCC_WARN_64_TO_32_BIT_CONVERSION = YES;
				GCC_WARN_ABOUT_RETURN_TYPE = YES_ERROR;
				GCC_WARN_UNDECLARED_SELECTOR = YES;
				GCC_WARN_UNINITIALIZED_AUTOS = YES_AGGRESSIVE;
				GCC_WARN_UNUSED_FUNCTION = YES;
				GCC_WARN_UNUSED_VARIABLE = YES;
				IPHONEOS_DEPLOYMENT_TARGET = 15.5;
				MTL_ENABLE_DEBUG_INFO = NO;
				MTL_FAST_MATH = YES;
				SDKROOT = iphoneos;
				SWIFT_COMPILATION_MODE = wholemodule;
				SWIFT_OPTIMIZATION_LEVEL = "-O";
				VALIDATE_PRODUCT = YES;
			};
			name = Release;
		};
		5B8FDDAE28A0310700FB72DC /* Debug */ = {
			isa = XCBuildConfiguration;
			buildSettings = {
				ASSETCATALOG_COMPILER_APPICON_NAME = AppIcon;
				ASSETCATALOG_COMPILER_GLOBAL_ACCENT_COLOR_NAME = AccentColor;
				CODE_SIGN_STYLE = Automatic;
				CURRENT_PROJECT_VERSION = 1;
				DEVELOPMENT_ASSET_PATHS = "\"FoodDelivery/Preview Content\"";
				DEVELOPMENT_TEAM = GTWUX2NLLN;
				ENABLE_PREVIEWS = YES;
				GENERATE_INFOPLIST_FILE = YES;
				INFOPLIST_KEY_UIApplicationSceneManifest_Generation = YES;
				INFOPLIST_KEY_UIApplicationSupportsIndirectInputEvents = YES;
				INFOPLIST_KEY_UILaunchScreen_Generation = YES;
				INFOPLIST_KEY_UISupportedInterfaceOrientations_iPad = "UIInterfaceOrientationPortrait UIInterfaceOrientationPortraitUpsideDown UIInterfaceOrientationLandscapeLeft UIInterfaceOrientationLandscapeRight";
				INFOPLIST_KEY_UISupportedInterfaceOrientations_iPhone = "UIInterfaceOrientationPortrait UIInterfaceOrientationLandscapeLeft UIInterfaceOrientationLandscapeRight";
				LD_RUNPATH_SEARCH_PATHS = (
					"$(inherited)",
					"@executable_path/Frameworks",
				);
				MARKETING_VERSION = 1.0;
				PRODUCT_BUNDLE_IDENTIFIER = com.angolov.FoodDelivery;
				PRODUCT_NAME = "$(TARGET_NAME)";
				SWIFT_EMIT_LOC_STRINGS = YES;
				SWIFT_VERSION = 5.0;
				TARGETED_DEVICE_FAMILY = "1,2";
			};
			name = Debug;
		};
		5B8FDDAF28A0310700FB72DC /* Release */ = {
			isa = XCBuildConfiguration;
			buildSettings = {
				ASSETCATALOG_COMPILER_APPICON_NAME = AppIcon;
				ASSETCATALOG_COMPILER_GLOBAL_ACCENT_COLOR_NAME = AccentColor;
				CODE_SIGN_STYLE = Automatic;
				CURRENT_PROJECT_VERSION = 1;
				DEVELOPMENT_ASSET_PATHS = "\"FoodDelivery/Preview Content\"";
				DEVELOPMENT_TEAM = GTWUX2NLLN;
				ENABLE_PREVIEWS = YES;
				GENERATE_INFOPLIST_FILE = YES;
				INFOPLIST_KEY_UIApplicationSceneManifest_Generation = YES;
				INFOPLIST_KEY_UIApplicationSupportsIndirectInputEvents = YES;
				INFOPLIST_KEY_UILaunchScreen_Generation = YES;
				INFOPLIST_KEY_UISupportedInterfaceOrientations_iPad = "UIInterfaceOrientationPortrait UIInterfaceOrientationPortraitUpsideDown UIInterfaceOrientationLandscapeLeft UIInterfaceOrientationLandscapeRight";
				INFOPLIST_KEY_UISupportedInterfaceOrientations_iPhone = "UIInterfaceOrientationPortrait UIInterfaceOrientationLandscapeLeft UIInterfaceOrientationLandscapeRight";
				LD_RUNPATH_SEARCH_PATHS = (
					"$(inherited)",
					"@executable_path/Frameworks",
				);
				MARKETING_VERSION = 1.0;
				PRODUCT_BUNDLE_IDENTIFIER = com.angolov.FoodDelivery;
				PRODUCT_NAME = "$(TARGET_NAME)";
				SWIFT_EMIT_LOC_STRINGS = YES;
				SWIFT_VERSION = 5.0;
				TARGETED_DEVICE_FAMILY = "1,2";
			};
			name = Release;
		};
/* End XCBuildConfiguration section */

/* Begin XCConfigurationList section */
		5B8FDD9A28A0310500FB72DC /* Build configuration list for PBXProject "FoodDelivery" */ = {
			isa = XCConfigurationList;
			buildConfigurations = (
				5B8FDDAB28A0310700FB72DC /* Debug */,
				5B8FDDAC28A0310700FB72DC /* Release */,
			);
			defaultConfigurationIsVisible = 0;
			defaultConfigurationName = Release;
		};
		5B8FDDAD28A0310700FB72DC /* Build configuration list for PBXNativeTarget "FoodDelivery" */ = {
			isa = XCConfigurationList;
			buildConfigurations = (
				5B8FDDAE28A0310700FB72DC /* Debug */,
				5B8FDDAF28A0310700FB72DC /* Release */,
			);
			defaultConfigurationIsVisible = 0;
			defaultConfigurationName = Release;
		};
/* End XCConfigurationList section */
	};
	rootObject = 5B8FDD9728A0310500FB72DC /* Project object */;
}
