// !$*UTF8*$!
{
	archiveVersion = 1;
	classes = {
	};
	objectVersion = 55;
	objects = {

/* Begin PBXBuildFile section */
		5B63571228A2D55B006085E3 /* GoogleService-Info.plist in Resources */ = {isa = PBXBuildFile; fileRef = 5B63571128A2D55B006085E3 /* GoogleService-Info.plist */; };
		5B63571528A2D817006085E3 /* FirebaseAuth in Frameworks */ = {isa = PBXBuildFile; productRef = 5B63571428A2D817006085E3 /* FirebaseAuth */; };
		5B63571728A2D817006085E3 /* FirebaseFirestore in Frameworks */ = {isa = PBXBuildFile; productRef = 5B63571628A2D817006085E3 /* FirebaseFirestore */; };
		5B63571928A2D817006085E3 /* FirebaseStorage in Frameworks */ = {isa = PBXBuildFile; productRef = 5B63571828A2D817006085E3 /* FirebaseStorage */; };
		5B63571B28A2DB55006085E3 /* AuthService.swift in Sources */ = {isa = PBXBuildFile; fileRef = 5B63571A28A2DB55006085E3 /* AuthService.swift */; };
		5B6C560728A8D50200D088A1 /* OrderCell.swift in Sources */ = {isa = PBXBuildFile; fileRef = 5B6C560628A8D50200D088A1 /* OrderCell.swift */; };
		5B6C560A28A95D0F00D088A1 /* AdminOrdersView.swift in Sources */ = {isa = PBXBuildFile; fileRef = 5B6C560928A95D0F00D088A1 /* AdminOrdersView.swift */; };
		5B6C560C28A9602D00D088A1 /* AdminOrdersViewModel.swift in Sources */ = {isa = PBXBuildFile; fileRef = 5B6C560B28A9602D00D088A1 /* AdminOrdersViewModel.swift */; };
		5B6C560E28A9631B00D088A1 /* AdminOrderView.swift in Sources */ = {isa = PBXBuildFile; fileRef = 5B6C560D28A9631B00D088A1 /* AdminOrderView.swift */; };
		5B6C561028A9632A00D088A1 /* AdminOrderViewModel.swift in Sources */ = {isa = PBXBuildFile; fileRef = 5B6C560F28A9632A00D088A1 /* AdminOrderViewModel.swift */; };
		5B8FDDA328A0310500FB72DC /* FoodDeliveryApp.swift in Sources */ = {isa = PBXBuildFile; fileRef = 5B8FDDA228A0310500FB72DC /* FoodDeliveryApp.swift */; };
		5B8FDDA528A0310500FB72DC /* AuthView.swift in Sources */ = {isa = PBXBuildFile; fileRef = 5B8FDDA428A0310500FB72DC /* AuthView.swift */; };
		5B8FDDA728A0310700FB72DC /* Assets.xcassets in Resources */ = {isa = PBXBuildFile; fileRef = 5B8FDDA628A0310700FB72DC /* Assets.xcassets */; };
		5B8FDDAA28A0310700FB72DC /* Preview Assets.xcassets in Resources */ = {isa = PBXBuildFile; fileRef = 5B8FDDA928A0310700FB72DC /* Preview Assets.xcassets */; };
		5BAB451A28A371A9002D43A7 /* AuthViewModel.swift in Sources */ = {isa = PBXBuildFile; fileRef = 5BAB451928A371A9002D43A7 /* AuthViewModel.swift */; };
		5BAB451C28A3D357002D43A7 /* AppUser.swift in Sources */ = {isa = PBXBuildFile; fileRef = 5BAB451B28A3D357002D43A7 /* AppUser.swift */; };
		5BAB451E28A3D40F002D43A7 /* DatabaseService.swift in Sources */ = {isa = PBXBuildFile; fileRef = 5BAB451D28A3D40F002D43A7 /* DatabaseService.swift */; };
		5BAB452028A3F8BE002D43A7 /* ProfileViewModel.swift in Sources */ = {isa = PBXBuildFile; fileRef = 5BAB451F28A3F8BE002D43A7 /* ProfileViewModel.swift */; };
		5BAB452928A80888002D43A7 /* Order.swift in Sources */ = {isa = PBXBuildFile; fileRef = 5BAB452828A80887002D43A7 /* Order.swift */; };
		5BAB452B28A80BFC002D43A7 /* OrderStatus.swift in Sources */ = {isa = PBXBuildFile; fileRef = 5BAB452A28A80BFC002D43A7 /* OrderStatus.swift */; };
		5BAB452D28A814BA002D43A7 /* SessionManager.swift in Sources */ = {isa = PBXBuildFile; fileRef = 5BAB452C28A814BA002D43A7 /* SessionManager.swift */; };
		5BB1723C28B0FB0D00439321 /* StorageService.swift in Sources */ = {isa = PBXBuildFile; fileRef = 5BB1723B28B0FB0D00439321 /* StorageService.swift */; };
		5BB1723E28B10A9B00439321 /* AdminAddProductViewModel.swift in Sources */ = {isa = PBXBuildFile; fileRef = 5BB1723D28B10A9B00439321 /* AdminAddProductViewModel.swift */; };
		5BB1EEC128A1262800578C60 /* EmailField.swift in Sources */ = {isa = PBXBuildFile; fileRef = 5BB1EEC028A1262800578C60 /* EmailField.swift */; };
		5BB1EEC328A1265300578C60 /* PasswordField.swift in Sources */ = {isa = PBXBuildFile; fileRef = 5BB1EEC228A1265300578C60 /* PasswordField.swift */; };
		5BC0847928B24BBF004B9C0F /* ProductCategory.swift in Sources */ = {isa = PBXBuildFile; fileRef = 5BC0847828B24BBF004B9C0F /* ProductCategory.swift */; };
		5BC0847C28B36604004B9C0F /* String+.swift in Sources */ = {isa = PBXBuildFile; fileRef = 5BC0847B28B36604004B9C0F /* String+.swift */; };
		5BDEC26128ACAFE9001C1762 /* ImagePicker.swift in Sources */ = {isa = PBXBuildFile; fileRef = 5BDEC26028ACAFE9001C1762 /* ImagePicker.swift */; };
		5BDEC26328ACB206001C1762 /* AdminAddProductView.swift in Sources */ = {isa = PBXBuildFile; fileRef = 5BDEC26228ACB206001C1762 /* AdminAddProductView.swift */; };
		5BE1CD6F28A17DA200657CA7 /* ProductDetailViewModel.swift in Sources */ = {isa = PBXBuildFile; fileRef = 5BE1CD6E28A17DA200657CA7 /* ProductDetailViewModel.swift */; };
		5BE1CD7128A23C9900657CA7 /* CartViewModel.swift in Sources */ = {isa = PBXBuildFile; fileRef = 5BE1CD7028A23C9900657CA7 /* CartViewModel.swift */; };
		5BE1CD7328A23CB100657CA7 /* Position.swift in Sources */ = {isa = PBXBuildFile; fileRef = 5BE1CD7228A23CB100657CA7 /* Position.swift */; };
		5BE1CD7528A25FFB00657CA7 /* PositionCell.swift in Sources */ = {isa = PBXBuildFile; fileRef = 5BE1CD7428A25FFB00657CA7 /* PositionCell.swift */; };
		5BEAD01128A13908004FDF4D /* MainTabBar.swift in Sources */ = {isa = PBXBuildFile; fileRef = 5BEAD01028A13908004FDF4D /* MainTabBar.swift */; };
		5BEAD01328A13B1F004FDF4D /* CatalogueView.swift in Sources */ = {isa = PBXBuildFile; fileRef = 5BEAD01228A13B1F004FDF4D /* CatalogueView.swift */; };
		5BEAD01528A13B71004FDF4D /* CartView.swift in Sources */ = {isa = PBXBuildFile; fileRef = 5BEAD01428A13B71004FDF4D /* CartView.swift */; };
		5BEAD01728A13B8A004FDF4D /* ProfileView.swift in Sources */ = {isa = PBXBuildFile; fileRef = 5BEAD01628A13B8A004FDF4D /* ProfileView.swift */; };
		5BEAD01928A13C8C004FDF4D /* Product.swift in Sources */ = {isa = PBXBuildFile; fileRef = 5BEAD01828A13C8C004FDF4D /* Product.swift */; };
		5BEAD01B28A13D46004FDF4D /* ProductCell.swift in Sources */ = {isa = PBXBuildFile; fileRef = 5BEAD01A28A13D46004FDF4D /* ProductCell.swift */; };
		5BEAD01E28A143D8004FDF4D /* CatalogueViewModel.swift in Sources */ = {isa = PBXBuildFile; fileRef = 5BEAD01D28A143D8004FDF4D /* CatalogueViewModel.swift */; };
		5BEAD02128A146C5004FDF4D /* ProductDetailView.swift in Sources */ = {isa = PBXBuildFile; fileRef = 5BEAD02028A146C5004FDF4D /* ProductDetailView.swift */; };
/* End PBXBuildFile section */

/* Begin PBXFileReference section */
		5B63571128A2D55B006085E3 /* GoogleService-Info.plist */ = {isa = PBXFileReference; fileEncoding = 4; lastKnownFileType = text.plist.xml; path = "GoogleService-Info.plist"; sourceTree = "<group>"; };
		5B63571A28A2DB55006085E3 /* AuthService.swift */ = {isa = PBXFileReference; lastKnownFileType = sourcecode.swift; path = AuthService.swift; sourceTree = "<group>"; };
		5B6C560628A8D50200D088A1 /* OrderCell.swift */ = {isa = PBXFileReference; lastKnownFileType = sourcecode.swift; path = OrderCell.swift; sourceTree = "<group>"; };
		5B6C560928A95D0F00D088A1 /* AdminOrdersView.swift */ = {isa = PBXFileReference; lastKnownFileType = sourcecode.swift; path = AdminOrdersView.swift; sourceTree = "<group>"; };
		5B6C560B28A9602D00D088A1 /* AdminOrdersViewModel.swift */ = {isa = PBXFileReference; lastKnownFileType = sourcecode.swift; path = AdminOrdersViewModel.swift; sourceTree = "<group>"; };
		5B6C560D28A9631B00D088A1 /* AdminOrderView.swift */ = {isa = PBXFileReference; lastKnownFileType = sourcecode.swift; path = AdminOrderView.swift; sourceTree = "<group>"; };
		5B6C560F28A9632A00D088A1 /* AdminOrderViewModel.swift */ = {isa = PBXFileReference; lastKnownFileType = sourcecode.swift; path = AdminOrderViewModel.swift; sourceTree = "<group>"; };
		5B8FDD9F28A0310500FB72DC /* FoodDelivery.app */ = {isa = PBXFileReference; explicitFileType = wrapper.application; includeInIndex = 0; path = FoodDelivery.app; sourceTree = BUILT_PRODUCTS_DIR; };
		5B8FDDA228A0310500FB72DC /* FoodDeliveryApp.swift */ = {isa = PBXFileReference; lastKnownFileType = sourcecode.swift; path = FoodDeliveryApp.swift; sourceTree = "<group>"; };
		5B8FDDA428A0310500FB72DC /* AuthView.swift */ = {isa = PBXFileReference; lastKnownFileType = sourcecode.swift; path = AuthView.swift; sourceTree = "<group>"; };
		5B8FDDA628A0310700FB72DC /* Assets.xcassets */ = {isa = PBXFileReference; lastKnownFileType = folder.assetcatalog; path = Assets.xcassets; sourceTree = "<group>"; };
		5B8FDDA928A0310700FB72DC /* Preview Assets.xcassets */ = {isa = PBXFileReference; lastKnownFileType = folder.assetcatalog; path = "Preview Assets.xcassets"; sourceTree = "<group>"; };
		5BAB451928A371A9002D43A7 /* AuthViewModel.swift */ = {isa = PBXFileReference; lastKnownFileType = sourcecode.swift; path = AuthViewModel.swift; sourceTree = "<group>"; };
		5BAB451B28A3D357002D43A7 /* AppUser.swift */ = {isa = PBXFileReference; lastKnownFileType = sourcecode.swift; path = AppUser.swift; sourceTree = "<group>"; };
		5BAB451D28A3D40F002D43A7 /* DatabaseService.swift */ = {isa = PBXFileReference; lastKnownFileType = sourcecode.swift; path = DatabaseService.swift; sourceTree = "<group>"; };
		5BAB451F28A3F8BE002D43A7 /* ProfileViewModel.swift */ = {isa = PBXFileReference; lastKnownFileType = sourcecode.swift; path = ProfileViewModel.swift; sourceTree = "<group>"; };
		5BAB452828A80887002D43A7 /* Order.swift */ = {isa = PBXFileReference; lastKnownFileType = sourcecode.swift; path = Order.swift; sourceTree = "<group>"; };
		5BAB452A28A80BFC002D43A7 /* OrderStatus.swift */ = {isa = PBXFileReference; lastKnownFileType = sourcecode.swift; path = OrderStatus.swift; sourceTree = "<group>"; };
		5BAB452C28A814BA002D43A7 /* SessionManager.swift */ = {isa = PBXFileReference; lastKnownFileType = sourcecode.swift; path = SessionManager.swift; sourceTree = "<group>"; };
		5BB1723B28B0FB0D00439321 /* StorageService.swift */ = {isa = PBXFileReference; lastKnownFileType = sourcecode.swift; path = StorageService.swift; sourceTree = "<group>"; };
		5BB1723D28B10A9B00439321 /* AdminAddProductViewModel.swift */ = {isa = PBXFileReference; lastKnownFileType = sourcecode.swift; path = AdminAddProductViewModel.swift; sourceTree = "<group>"; };
		5BB1EEC028A1262800578C60 /* EmailField.swift */ = {isa = PBXFileReference; lastKnownFileType = sourcecode.swift; path = EmailField.swift; sourceTree = "<group>"; };
		5BB1EEC228A1265300578C60 /* PasswordField.swift */ = {isa = PBXFileReference; lastKnownFileType = sourcecode.swift; path = PasswordField.swift; sourceTree = "<group>"; };
		5BC0847828B24BBF004B9C0F /* ProductCategory.swift */ = {isa = PBXFileReference; lastKnownFileType = sourcecode.swift; path = ProductCategory.swift; sourceTree = "<group>"; };
		5BC0847B28B36604004B9C0F /* String+.swift */ = {isa = PBXFileReference; lastKnownFileType = sourcecode.swift; path = "String+.swift"; sourceTree = "<group>"; };
		5BDEC26028ACAFE9001C1762 /* ImagePicker.swift */ = {isa = PBXFileReference; lastKnownFileType = sourcecode.swift; path = ImagePicker.swift; sourceTree = "<group>"; };
		5BDEC26228ACB206001C1762 /* AdminAddProductView.swift */ = {isa = PBXFileReference; lastKnownFileType = sourcecode.swift; path = AdminAddProductView.swift; sourceTree = "<group>"; };
		5BE1CD6E28A17DA200657CA7 /* ProductDetailViewModel.swift */ = {isa = PBXFileReference; lastKnownFileType = sourcecode.swift; path = ProductDetailViewModel.swift; sourceTree = "<group>"; };
		5BE1CD7028A23C9900657CA7 /* CartViewModel.swift */ = {isa = PBXFileReference; lastKnownFileType = sourcecode.swift; path = CartViewModel.swift; sourceTree = "<group>"; };
		5BE1CD7228A23CB100657CA7 /* Position.swift */ = {isa = PBXFileReference; lastKnownFileType = sourcecode.swift; path = Position.swift; sourceTree = "<group>"; };
		5BE1CD7428A25FFB00657CA7 /* PositionCell.swift */ = {isa = PBXFileReference; lastKnownFileType = sourcecode.swift; path = PositionCell.swift; sourceTree = "<group>"; };
		5BEAD01028A13908004FDF4D /* MainTabBar.swift */ = {isa = PBXFileReference; lastKnownFileType = sourcecode.swift; path = MainTabBar.swift; sourceTree = "<group>"; };
		5BEAD01228A13B1F004FDF4D /* CatalogueView.swift */ = {isa = PBXFileReference; lastKnownFileType = sourcecode.swift; path = CatalogueView.swift; sourceTree = "<group>"; };
		5BEAD01428A13B71004FDF4D /* CartView.swift */ = {isa = PBXFileReference; lastKnownFileType = sourcecode.swift; path = CartView.swift; sourceTree = "<group>"; };
		5BEAD01628A13B8A004FDF4D /* ProfileView.swift */ = {isa = PBXFileReference; lastKnownFileType = sourcecode.swift; path = ProfileView.swift; sourceTree = "<group>"; };
		5BEAD01828A13C8C004FDF4D /* Product.swift */ = {isa = PBXFileReference; lastKnownFileType = sourcecode.swift; path = Product.swift; sourceTree = "<group>"; };
		5BEAD01A28A13D46004FDF4D /* ProductCell.swift */ = {isa = PBXFileReference; lastKnownFileType = sourcecode.swift; path = ProductCell.swift; sourceTree = "<group>"; };
		5BEAD01D28A143D8004FDF4D /* CatalogueViewModel.swift */ = {isa = PBXFileReference; lastKnownFileType = sourcecode.swift; path = CatalogueViewModel.swift; sourceTree = "<group>"; };
		5BEAD02028A146C5004FDF4D /* ProductDetailView.swift */ = {isa = PBXFileReference; lastKnownFileType = sourcecode.swift; path = ProductDetailView.swift; sourceTree = "<group>"; };
/* End PBXFileReference section */

/* Begin PBXFrameworksBuildPhase section */
		5B8FDD9C28A0310500FB72DC /* Frameworks */ = {
			isa = PBXFrameworksBuildPhase;
			buildActionMask = 2147483647;
			files = (
				5B63571528A2D817006085E3 /* FirebaseAuth in Frameworks */,
				5B63571728A2D817006085E3 /* FirebaseFirestore in Frameworks */,
				5B63571928A2D817006085E3 /* FirebaseStorage in Frameworks */,
			);
			runOnlyForDeploymentPostprocessing = 0;
		};
/* End PBXFrameworksBuildPhase section */

/* Begin PBXGroup section */
		5B63571C28A2DB58006085E3 /* Services */ = {
			isa = PBXGroup;
			children = (
				5B63571A28A2DB55006085E3 /* AuthService.swift */,
				5BAB452C28A814BA002D43A7 /* SessionManager.swift */,
				5BAB451D28A3D40F002D43A7 /* DatabaseService.swift */,
				5BB1723B28B0FB0D00439321 /* StorageService.swift */,
			);
			path = Services;
			sourceTree = "<group>";
		};
		5B6C560828A95CBE00D088A1 /* AdminInterface */ = {
			isa = PBXGroup;
			children = (
				5B6C560928A95D0F00D088A1 /* AdminOrdersView.swift */,
				5B6C560D28A9631B00D088A1 /* AdminOrderView.swift */,
				5BDEC26228ACB206001C1762 /* AdminAddProductView.swift */,
			);
			path = AdminInterface;
			sourceTree = "<group>";
		};
		5B8FDD9628A0310500FB72DC = {
			isa = PBXGroup;
			children = (
				5B8FDDA128A0310500FB72DC /* FoodDelivery */,
				5B8FDDA028A0310500FB72DC /* Products */,
			);
			sourceTree = "<group>";
		};
		5B8FDDA028A0310500FB72DC /* Products */ = {
			isa = PBXGroup;
			children = (
				5B8FDD9F28A0310500FB72DC /* FoodDelivery.app */,
			);
			name = Products;
			sourceTree = "<group>";
		};
		5B8FDDA128A0310500FB72DC /* FoodDelivery */ = {
			isa = PBXGroup;
			children = (
				5BC0847A28B365FA004B9C0F /* Extensions */,
				5B8FDDA228A0310500FB72DC /* FoodDeliveryApp.swift */,
				5B63571C28A2DB58006085E3 /* Services */,
				5BEAD01C28A143BB004FDF4D /* Model */,
				5BB1EEBE28A1260D00578C60 /* Views */,
				5BEAD01F28A143E0004FDF4D /* ViewModel */,
				5B8FDDA628A0310700FB72DC /* Assets.xcassets */,
				5B63571128A2D55B006085E3 /* GoogleService-Info.plist */,
				5B8FDDA828A0310700FB72DC /* Preview Content */,
			);
			path = FoodDelivery;
			sourceTree = "<group>";
		};
		5B8FDDA828A0310700FB72DC /* Preview Content */ = {
			isa = PBXGroup;
			children = (
				5B8FDDA928A0310700FB72DC /* Preview Assets.xcassets */,
			);
			path = "Preview Content";
			sourceTree = "<group>";
		};
		5BB1EEBE28A1260D00578C60 /* Views */ = {
			isa = PBXGroup;
			children = (
				5B6C560828A95CBE00D088A1 /* AdminInterface */,
				5B8FDDA428A0310500FB72DC /* AuthView.swift */,
				5BEAD01028A13908004FDF4D /* MainTabBar.swift */,
				5BEAD01228A13B1F004FDF4D /* CatalogueView.swift */,
				5BEAD02028A146C5004FDF4D /* ProductDetailView.swift */,
				5BEAD01428A13B71004FDF4D /* CartView.swift */,
				5BEAD01628A13B8A004FDF4D /* ProfileView.swift */,
				5BB1EEBF28A1261900578C60 /* Components */,
			);
			path = Views;
			sourceTree = "<group>";
		};
		5BB1EEBF28A1261900578C60 /* Components */ = {
			isa = PBXGroup;
			children = (
				5BB1EEC028A1262800578C60 /* EmailField.swift */,
				5BB1EEC228A1265300578C60 /* PasswordField.swift */,
				5BEAD01A28A13D46004FDF4D /* ProductCell.swift */,
				5BE1CD7428A25FFB00657CA7 /* PositionCell.swift */,
				5B6C560628A8D50200D088A1 /* OrderCell.swift */,
				5BDEC26028ACAFE9001C1762 /* ImagePicker.swift */,
			);
			path = Components;
			sourceTree = "<group>";
		};
		5BC0847A28B365FA004B9C0F /* Extensions */ = {
			isa = PBXGroup;
			children = (
				5BC0847B28B36604004B9C0F /* String+.swift */,
			);
			path = Extensions;
			sourceTree = "<group>";
		};
		5BEAD01C28A143BB004FDF4D /* Model */ = {
			isa = PBXGroup;
			children = (
				5BAB451B28A3D357002D43A7 /* AppUser.swift */,
				5BEAD01828A13C8C004FDF4D /* Product.swift */,
				5BC0847828B24BBF004B9C0F /* ProductCategory.swift */,
				5BE1CD7228A23CB100657CA7 /* Position.swift */,
				5BAB452828A80887002D43A7 /* Order.swift */,
				5BAB452A28A80BFC002D43A7 /* OrderStatus.swift */,
			);
			path = Model;
			sourceTree = "<group>";
		};
		5BEAD01F28A143E0004FDF4D /* ViewModel */ = {
			isa = PBXGroup;
			children = (
				5BAB451928A371A9002D43A7 /* AuthViewModel.swift */,
				5BEAD01D28A143D8004FDF4D /* CatalogueViewModel.swift */,
				5BE1CD6E28A17DA200657CA7 /* ProductDetailViewModel.swift */,
				5BE1CD7028A23C9900657CA7 /* CartViewModel.swift */,
				5BAB451F28A3F8BE002D43A7 /* ProfileViewModel.swift */,
				5B6C560B28A9602D00D088A1 /* AdminOrdersViewModel.swift */,
				5B6C560F28A9632A00D088A1 /* AdminOrderViewModel.swift */,
				5BB1723D28B10A9B00439321 /* AdminAddProductViewModel.swift */,
			);
			path = ViewModel;
			sourceTree = "<group>";
		};
/* End PBXGroup section */

/* Begin PBXNativeTarget section */
		5B8FDD9E28A0310500FB72DC /* FoodDelivery */ = {
			isa = PBXNativeTarget;
			buildConfigurationList = 5B8FDDAD28A0310700FB72DC /* Build configuration list for PBXNativeTarget "FoodDelivery" */;
			buildPhases = (
				5B8FDD9B28A0310500FB72DC /* Sources */,
				5B8FDD9C28A0310500FB72DC /* Frameworks */,
				5B8FDD9D28A0310500FB72DC /* Resources */,
			);
			buildRules = (
			);
			dependencies = (
			);
			name = FoodDelivery;
			packageProductDependencies = (
				5B63571428A2D817006085E3 /* FirebaseAuth */,
				5B63571628A2D817006085E3 /* FirebaseFirestore */,
				5B63571828A2D817006085E3 /* FirebaseStorage */,
			);
			productName = FoodDelivery;
			productReference = 5B8FDD9F28A0310500FB72DC /* FoodDelivery.app */;
			productType = "com.apple.product-type.application";
		};
/* End PBXNativeTarget section */

/* Begin PBXProject section */
		5B8FDD9728A0310500FB72DC /* Project object */ = {
			isa = PBXProject;
			attributes = {
				BuildIndependentTargetsInParallel = 1;
				LastSwiftUpdateCheck = 1340;
				LastUpgradeCheck = 1340;
				TargetAttributes = {
					5B8FDD9E28A0310500FB72DC = {
						CreatedOnToolsVersion = 13.4.1;
					};
				};
			};
			buildConfigurationList = 5B8FDD9A28A0310500FB72DC /* Build configuration list for PBXProject "FoodDelivery" */;
			compatibilityVersion = "Xcode 13.0";
			developmentRegion = en;
			hasScannedForEncodings = 0;
			knownRegions = (
				en,
				Base,
			);
			mainGroup = 5B8FDD9628A0310500FB72DC;
			packageReferences = (
				5B63571328A2D817006085E3 /* XCRemoteSwiftPackageReference "firebase-ios-sdk" */,
			);
			productRefGroup = 5B8FDDA028A0310500FB72DC /* Products */;
			projectDirPath = "";
			projectRoot = "";
			targets = (
				5B8FDD9E28A0310500FB72DC /* FoodDelivery */,
			);
		};
/* End PBXProject section */

/* Begin PBXResourcesBuildPhase section */
		5B8FDD9D28A0310500FB72DC /* Resources */ = {
			isa = PBXResourcesBuildPhase;
			buildActionMask = 2147483647;
			files = (
				5B8FDDAA28A0310700FB72DC /* Preview Assets.xcassets in Resources */,
				5B8FDDA728A0310700FB72DC /* Assets.xcassets in Resources */,
				5B63571228A2D55B006085E3 /* GoogleService-Info.plist in Resources */,
			);
			runOnlyForDeploymentPostprocessing = 0;
		};
/* End PBXResourcesBuildPhase section */

/* Begin PBXSourcesBuildPhase section */
		5B8FDD9B28A0310500FB72DC /* Sources */ = {
			isa = PBXSourcesBuildPhase;
			buildActionMask = 2147483647;
			files = (
				5BEAD01E28A143D8004FDF4D /* CatalogueViewModel.swift in Sources */,
				5BEAD01728A13B8A004FDF4D /* ProfileView.swift in Sources */,
				5BE1CD7528A25FFB00657CA7 /* PositionCell.swift in Sources */,
				5BC0847928B24BBF004B9C0F /* ProductCategory.swift in Sources */,
				5B6C561028A9632A00D088A1 /* AdminOrderViewModel.swift in Sources */,
				5B6C560E28A9631B00D088A1 /* AdminOrderView.swift in Sources */,
				5BE1CD7128A23C9900657CA7 /* CartViewModel.swift in Sources */,
				5BAB452928A80888002D43A7 /* Order.swift in Sources */,
				5B8FDDA528A0310500FB72DC /* AuthView.swift in Sources */,
				5BEAD01928A13C8C004FDF4D /* Product.swift in Sources */,
				5B6C560C28A9602D00D088A1 /* AdminOrdersViewModel.swift in Sources */,
				5BDEC26328ACB206001C1762 /* AdminAddProductView.swift in Sources */,
				5BC0847C28B36604004B9C0F /* String+.swift in Sources */,
				5BAB452028A3F8BE002D43A7 /* ProfileViewModel.swift in Sources */,
				5BAB451E28A3D40F002D43A7 /* DatabaseService.swift in Sources */,
				5BEAD01528A13B71004FDF4D /* CartView.swift in Sources */,
				5BAB452D28A814BA002D43A7 /* SessionManager.swift in Sources */,
				5BEAD02128A146C5004FDF4D /* ProductDetailView.swift in Sources */,
				5B6C560728A8D50200D088A1 /* OrderCell.swift in Sources */,
				5BB1723E28B10A9B00439321 /* AdminAddProductViewModel.swift in Sources */,
				5BAB451A28A371A9002D43A7 /* AuthViewModel.swift in Sources */,
				5BB1EEC328A1265300578C60 /* PasswordField.swift in Sources */,
				5B6C560A28A95D0F00D088A1 /* AdminOrdersView.swift in Sources */,
				5BE1CD7328A23CB100657CA7 /* Position.swift in Sources */,
				5BB1723C28B0FB0D00439321 /* StorageService.swift in Sources */,
				5BB1EEC128A1262800578C60 /* EmailField.swift in Sources */,
				5BE1CD6F28A17DA200657CA7 /* ProductDetailViewModel.swift in Sources */,
				5BEAD01128A13908004FDF4D /* MainTabBar.swift in Sources */,
				5BEAD01B28A13D46004FDF4D /* ProductCell.swift in Sources */,
				5B63571B28A2DB55006085E3 /* AuthService.swift in Sources */,
				5B8FDDA328A0310500FB72DC /* FoodDeliveryApp.swift in Sources */,
				5BEAD01328A13B1F004FDF4D /* CatalogueView.swift in Sources */,
				5BDEC26128ACAFE9001C1762 /* ImagePicker.swift in Sources */,
				5BAB452B28A80BFC002D43A7 /* OrderStatus.swift in Sources */,
				5BAB451C28A3D357002D43A7 /* AppUser.swift in Sources */,
			);
			runOnlyForDeploymentPostprocessing = 0;
		};
/* End PBXSourcesBuildPhase section */

/* Begin XCBuildConfiguration section */
		5B8FDDAB28A0310700FB72DC /* Debug */ = {
			isa = XCBuildConfiguration;
			buildSettings = {
				ALWAYS_SEARCH_USER_PATHS = NO;
				CLANG_ANALYZER_NONNULL = YES;
				CLANG_ANALYZER_NUMBER_OBJECT_CONVERSION = YES_AGGRESSIVE;
				CLANG_CXX_LANGUAGE_STANDARD = "gnu++17";
				CLANG_ENABLE_MODULES = YES;
				CLANG_ENABLE_OBJC_ARC = YES;
				CLANG_ENABLE_OBJC_WEAK = YES;
				CLANG_WARN_BLOCK_CAPTURE_AUTORELEASING = YES;
				CLANG_WARN_BOOL_CONVERSION = YES;
				CLANG_WARN_COMMA = YES;
				CLANG_WARN_CONSTANT_CONVERSION = YES;
				CLANG_WARN_DEPRECATED_OBJC_IMPLEMENTATIONS = YES;
				CLANG_WARN_DIRECT_OBJC_ISA_USAGE = YES_ERROR;
				CLANG_WARN_DOCUMENTATION_COMMENTS = YES;
				CLANG_WARN_EMPTY_BODY = YES;
				CLANG_WARN_ENUM_CONVERSION = YES;
				CLANG_WARN_INFINITE_RECURSION = YES;
				CLANG_WARN_INT_CONVERSION = YES;
				CLANG_WARN_NON_LITERAL_NULL_CONVERSION = YES;
				CLANG_WARN_OBJC_IMPLICIT_RETAIN_SELF = YES;
				CLANG_WARN_OBJC_LITERAL_CONVERSION = YES;
				CLANG_WARN_OBJC_ROOT_CLASS = YES_ERROR;
				CLANG_WARN_QUOTED_INCLUDE_IN_FRAMEWORK_HEADER = YES;
				CLANG_WARN_RANGE_LOOP_ANALYSIS = YES;
				CLANG_WARN_STRICT_PROTOTYPES = YES;
				CLANG_WARN_SUSPICIOUS_MOVE = YES;
				CLANG_WARN_UNGUARDED_AVAILABILITY = YES_AGGRESSIVE;
				CLANG_WARN_UNREACHABLE_CODE = YES;
				CLANG_WARN__DUPLICATE_METHOD_MATCH = YES;
				COPY_PHASE_STRIP = NO;
				DEBUG_INFORMATION_FORMAT = dwarf;
				ENABLE_STRICT_OBJC_MSGSEND = YES;
				ENABLE_TESTABILITY = YES;
				GCC_C_LANGUAGE_STANDARD = gnu11;
				GCC_DYNAMIC_NO_PIC = NO;
				GCC_NO_COMMON_BLOCKS = YES;
				GCC_OPTIMIZATION_LEVEL = 0;
				GCC_PREPROCESSOR_DEFINITIONS = (
					"DEBUG=1",
					"$(inherited)",
				);
				GCC_WARN_64_TO_32_BIT_CONVERSION = YES;
				GCC_WARN_ABOUT_RETURN_TYPE = YES_ERROR;
				GCC_WARN_UNDECLARED_SELECTOR = YES;
				GCC_WARN_UNINITIALIZED_AUTOS = YES_AGGRESSIVE;
				GCC_WARN_UNUSED_FUNCTION = YES;
				GCC_WARN_UNUSED_VARIABLE = YES;
				IPHONEOS_DEPLOYMENT_TARGET = 15.5;
				MTL_ENABLE_DEBUG_INFO = INCLUDE_SOURCE;
				MTL_FAST_MATH = YES;
				ONLY_ACTIVE_ARCH = YES;
				SDKROOT = iphoneos;
				SWIFT_ACTIVE_COMPILATION_CONDITIONS = DEBUG;
				SWIFT_OPTIMIZATION_LEVEL = "-Onone";
			};
			name = Debug;
		};
		5B8FDDAC28A0310700FB72DC /* Release */ = {
			isa = XCBuildConfiguration;
			buildSettings = {
				ALWAYS_SEARCH_USER_PATHS = NO;
				CLANG_ANALYZER_NONNULL = YES;
				CLANG_ANALYZER_NUMBER_OBJECT_CONVERSION = YES_AGGRESSIVE;
				CLANG_CXX_LANGUAGE_STANDARD = "gnu++17";
				CLANG_ENABLE_MODULES = YES;
				CLANG_ENABLE_OBJC_ARC = YES;
				CLANG_ENABLE_OBJC_WEAK = YES;
				CLANG_WARN_BLOCK_CAPTURE_AUTORELEASING = YES;
				CLANG_WARN_BOOL_CONVERSION = YES;
				CLANG_WARN_COMMA = YES;
				CLANG_WARN_CONSTANT_CONVERSION = YES;
				CLANG_WARN_DEPRECATED_OBJC_IMPLEMENTATIONS = YES;
				CLANG_WARN_DIRECT_OBJC_ISA_USAGE = YES_ERROR;
				CLANG_WARN_DOCUMENTATION_COMMENTS = YES;
				CLANG_WARN_EMPTY_BODY = YES;
				CLANG_WARN_ENUM_CONVERSION = YES;
				CLANG_WARN_INFINITE_RECURSION = YES;
				CLANG_WARN_INT_CONVERSION = YES;
				CLANG_WARN_NON_LITERAL_NULL_CONVERSION = YES;
				CLANG_WARN_OBJC_IMPLICIT_RETAIN_SELF = YES;
				CLANG_WARN_OBJC_LITERAL_CONVERSION = YES;
				CLANG_WARN_OBJC_ROOT_CLASS = YES_ERROR;
				CLANG_WARN_QUOTED_INCLUDE_IN_FRAMEWORK_HEADER = YES;
				CLANG_WARN_RANGE_LOOP_ANALYSIS = YES;
				CLANG_WARN_STRICT_PROTOTYPES = YES;
				CLANG_WARN_SUSPICIOUS_MOVE = YES;
				CLANG_WARN_UNGUARDED_AVAILABILITY = YES_AGGRESSIVE;
				CLANG_WARN_UNREACHABLE_CODE = YES;
				CLANG_WARN__DUPLICATE_METHOD_MATCH = YES;
				COPY_PHASE_STRIP = NO;
				DEBUG_INFORMATION_FORMAT = "dwarf-with-dsym";
				ENABLE_NS_ASSERTIONS = NO;
				ENABLE_STRICT_OBJC_MSGSEND = YES;
				GCC_C_LANGUAGE_STANDARD = gnu11;
				GCC_NO_COMMON_BLOCKS = YES;
				GCC_WARN_64_TO_32_BIT_CONVERSION = YES;
				GCC_WARN_ABOUT_RETURN_TYPE = YES_ERROR;
				GCC_WARN_UNDECLARED_SELECTOR = YES;
				GCC_WARN_UNINITIALIZED_AUTOS = YES_AGGRESSIVE;
				GCC_WARN_UNUSED_FUNCTION = YES;
				GCC_WARN_UNUSED_VARIABLE = YES;
				IPHONEOS_DEPLOYMENT_TARGET = 15.5;
				MTL_ENABLE_DEBUG_INFO = NO;
				MTL_FAST_MATH = YES;
				SDKROOT = iphoneos;
				SWIFT_COMPILATION_MODE = wholemodule;
				SWIFT_OPTIMIZATION_LEVEL = "-O";
				VALIDATE_PRODUCT = YES;
			};
			name = Release;
		};
		5B8FDDAE28A0310700FB72DC /* Debug */ = {
			isa = XCBuildConfiguration;
			buildSettings = {
				ASSETCATALOG_COMPILER_APPICON_NAME = AppIcon;
				ASSETCATALOG_COMPILER_GLOBAL_ACCENT_COLOR_NAME = AccentColor;
				CODE_SIGN_STYLE = Automatic;
				CURRENT_PROJECT_VERSION = 1;
				DEVELOPMENT_ASSET_PATHS = "\"FoodDelivery/Preview Content\"";
				DEVELOPMENT_TEAM = GTWUX2NLLN;
				ENABLE_PREVIEWS = YES;
				GENERATE_INFOPLIST_FILE = YES;
				INFOPLIST_KEY_NSCameraUsageDescription = "Разрешите доступ к камере";
				INFOPLIST_KEY_NSPhotoLibraryUsageDescription = "Разрешите доступ к галерее изображений";
				INFOPLIST_KEY_UIApplicationSceneManifest_Generation = YES;
				INFOPLIST_KEY_UIApplicationSupportsIndirectInputEvents = YES;
				INFOPLIST_KEY_UILaunchScreen_Generation = YES;
				INFOPLIST_KEY_UISupportedInterfaceOrientations_iPad = "UIInterfaceOrientationPortrait UIInterfaceOrientationPortraitUpsideDown UIInterfaceOrientationLandscapeLeft UIInterfaceOrientationLandscapeRight";
				INFOPLIST_KEY_UISupportedInterfaceOrientations_iPhone = "UIInterfaceOrientationPortrait UIInterfaceOrientationLandscapeLeft UIInterfaceOrientationLandscapeRight";
				LD_RUNPATH_SEARCH_PATHS = (
					"$(inherited)",
					"@executable_path/Frameworks",
				);
				MARKETING_VERSION = 1.0;
				PRODUCT_BUNDLE_IDENTIFIER = com.angolov.FoodDelivery;
				PRODUCT_NAME = "$(TARGET_NAME)";
				SWIFT_EMIT_LOC_STRINGS = YES;
				SWIFT_VERSION = 5.0;
				TARGETED_DEVICE_FAMILY = "1,2";
			};
			name = Debug;
		};
		5B8FDDAF28A0310700FB72DC /* Release */ = {
			isa = XCBuildConfiguration;
			buildSettings = {
				ASSETCATALOG_COMPILER_APPICON_NAME = AppIcon;
				ASSETCATALOG_COMPILER_GLOBAL_ACCENT_COLOR_NAME = AccentColor;
				CODE_SIGN_STYLE = Automatic;
				CURRENT_PROJECT_VERSION = 1;
				DEVELOPMENT_ASSET_PATHS = "\"FoodDelivery/Preview Content\"";
				DEVELOPMENT_TEAM = GTWUX2NLLN;
				ENABLE_PREVIEWS = YES;
				GENERATE_INFOPLIST_FILE = YES;
				INFOPLIST_KEY_NSCameraUsageDescription = "Разрешите доступ к камере";
				INFOPLIST_KEY_NSPhotoLibraryUsageDescription = "Разрешите доступ к галерее изображений";
				INFOPLIST_KEY_UIApplicationSceneManifest_Generation = YES;
				INFOPLIST_KEY_UIApplicationSupportsIndirectInputEvents = YES;
				INFOPLIST_KEY_UILaunchScreen_Generation = YES;
				INFOPLIST_KEY_UISupportedInterfaceOrientations_iPad = "UIInterfaceOrientationPortrait UIInterfaceOrientationPortraitUpsideDown UIInterfaceOrientationLandscapeLeft UIInterfaceOrientationLandscapeRight";
				INFOPLIST_KEY_UISupportedInterfaceOrientations_iPhone = "UIInterfaceOrientationPortrait UIInterfaceOrientationLandscapeLeft UIInterfaceOrientationLandscapeRight";
				LD_RUNPATH_SEARCH_PATHS = (
					"$(inherited)",
					"@executable_path/Frameworks",
				);
				MARKETING_VERSION = 1.0;
				PRODUCT_BUNDLE_IDENTIFIER = com.angolov.FoodDelivery;
				PRODUCT_NAME = "$(TARGET_NAME)";
				SWIFT_EMIT_LOC_STRINGS = YES;
				SWIFT_VERSION = 5.0;
				TARGETED_DEVICE_FAMILY = "1,2";
			};
			name = Release;
		};
/* End XCBuildConfiguration section */

/* Begin XCConfigurationList section */
		5B8FDD9A28A0310500FB72DC /* Build configuration list for PBXProject "FoodDelivery" */ = {
			isa = XCConfigurationList;
			buildConfigurations = (
				5B8FDDAB28A0310700FB72DC /* Debug */,
				5B8FDDAC28A0310700FB72DC /* Release */,
			);
			defaultConfigurationIsVisible = 0;
			defaultConfigurationName = Release;
		};
		5B8FDDAD28A0310700FB72DC /* Build configuration list for PBXNativeTarget "FoodDelivery" */ = {
			isa = XCConfigurationList;
			buildConfigurations = (
				5B8FDDAE28A0310700FB72DC /* Debug */,
				5B8FDDAF28A0310700FB72DC /* Release */,
			);
			defaultConfigurationIsVisible = 0;
			defaultConfigurationName = Release;
		};
/* End XCConfigurationList section */

/* Begin XCRemoteSwiftPackageReference section */
		5B63571328A2D817006085E3 /* XCRemoteSwiftPackageReference "firebase-ios-sdk" */ = {
			isa = XCRemoteSwiftPackageReference;
			repositoryURL = "https://github.com/firebase/firebase-ios-sdk";
			requirement = {
				kind = upToNextMajorVersion;
				minimumVersion = 9.0.0;
			};
		};
/* End XCRemoteSwiftPackageReference section */

/* Begin XCSwiftPackageProductDependency section */
		5B63571428A2D817006085E3 /* FirebaseAuth */ = {
			isa = XCSwiftPackageProductDependency;
			package = 5B63571328A2D817006085E3 /* XCRemoteSwiftPackageReference "firebase-ios-sdk" */;
			productName = FirebaseAuth;
		};
		5B63571628A2D817006085E3 /* FirebaseFirestore */ = {
			isa = XCSwiftPackageProductDependency;
			package = 5B63571328A2D817006085E3 /* XCRemoteSwiftPackageReference "firebase-ios-sdk" */;
			productName = FirebaseFirestore;
		};
		5B63571828A2D817006085E3 /* FirebaseStorage */ = {
			isa = XCSwiftPackageProductDependency;
			package = 5B63571328A2D817006085E3 /* XCRemoteSwiftPackageReference "firebase-ios-sdk" */;
			productName = FirebaseStorage;
		};
/* End XCSwiftPackageProductDependency section */
	};
	rootObject = 5B8FDD9728A0310500FB72DC /* Project object */;
}
